{
  "version": "4",
  "specifiers": {
    "jsr:@std/assert@0.224": "0.224.0",
    "jsr:@std/async@1": "1.0.7",
    "jsr:@std/bytes@1": "1.0.2",
    "jsr:@std/bytes@^1.0.2-rc.3": "1.0.2",
    "jsr:@std/crypto@0.224": "0.224.0",
    "jsr:@std/encoding@0.224": "0.224.3",
    "jsr:@std/io@0.224.5": "0.224.5"
  },
  "jsr": {
    "@std/assert@0.224.0": {
      "integrity": "8643233ec7aec38a940a8264a6e3eed9bfa44e7a71cc6b3c8874213ff401967f"
    },
    "@std/async@1.0.7": {
      "integrity": "f4fadc0124432e37cba11e8b3880164661a664de00a65118d976848f32f96290"
    },
    "@std/bytes@1.0.2": {
      "integrity": "fbdee322bbd8c599a6af186a1603b3355e59a5fb1baa139f8f4c3c9a1b3e3d57"
    },
    "@std/crypto@0.224.0": {
      "integrity": "154ef3ff08ef535562ef1a718718c5b2c5fc3808f0f9100daad69e829bfcdf2d",
      "dependencies": [
        "jsr:@std/assert",
        "jsr:@std/encoding"
      ]
    },
    "@std/encoding@0.224.3": {
      "integrity": "5e861b6d81be5359fad4155e591acf17c0207b595112d1840998bb9f476dbdaf"
    },
    "@std/io@0.224.5": {
      "integrity": "cb84fe655d1273fca94efcff411465027a8b0b4225203f19d6ee98d9c8920a2d",
      "dependencies": [
        "jsr:@std/bytes@^1.0.2-rc.3"
      ]
    }
  },
  "redirects": {
    "https://deno.land/x/deno_google_protobuf/google-protobuf.js": "https://deno.land/x/deno_google_protobuf@4.0.0-rc.2/google-protobuf.js",
    "https://deno.land/x/redis/mod.ts": "https://deno.land/x/redis@v0.34.0/mod.ts"
  },
  "remote": {
    "https://cdn.skypack.dev/-/@abraham/reflection@v0.7.0-3qVKVeYCK45QujpHSzvB/dist=es2019,mode=imports/optimized/@abraham/reflection.js": "ce606ac51a165853e0538eddada168966b227b5c0f04d65d1c8b1caa3e2982d5",
    "https://cdn.skypack.dev/@abraham/reflection@%5E0.7.0": "b74adf2398272e017031372887869ec5a4a9128038257ada6d84d1e00d35908e",
    "https://deno.land/std@0.105.0/_util/assert.ts": "2f868145a042a11d5ad0a3c748dcf580add8a0dbc0e876eaa0026303a5488f58",
    "https://deno.land/std@0.105.0/bytes/mod.ts": "440684e07e8f57a19a43b34d57eb63af0b36fc92b6657b6dcdbf9d5612d62e29",
    "https://deno.land/std@0.105.0/fmt/colors.ts": "d2f8355f00a74404668fc5a1e4a92983ce1a9b0a6ac1d40efbd681cb8f519586",
    "https://deno.land/std@0.105.0/io/buffer.ts": "3ead6bb11276ebcf093c403f74f67fd2205a515dbbb9061862c468ca56f37cd8",
    "https://deno.land/std@0.105.0/io/util.ts": "85c33d61b20fd706acc094fe80d4c8ae618b04abcf3a96ca2b47071842c1c8ac",
    "https://deno.land/std@0.105.0/testing/_diff.ts": "5d3693155f561d1a5443ac751ac70aab9f5d67b4819a621d4b96b8a1a1c89620",
    "https://deno.land/std@0.105.0/testing/asserts.ts": "e4311d45d956459d4423bc267208fe154b5294989da2ed93257b6a85cae0427e",
    "https://deno.land/std@0.139.0/bytes/equals.ts": "fc16dff2090cced02497f16483de123dfa91e591029f985029193dfaa9d894c9",
    "https://deno.land/std@0.139.0/bytes/mod.ts": "763f97d33051cc3f28af1a688dfe2830841192a9fea0cbaa55f927b49d49d0bf",
    "https://deno.land/std@0.139.0/encoding/base64.ts": "c8c16b4adaa60d7a8eee047c73ece26844435e8f7f1328d74593dbb2dd58ea4f",
    "https://deno.land/std@0.139.0/encoding/base64url.ts": "55f9d13df02efac10c6f96169daa3e702606a64e8aa27c0295f645f198c27130",
    "https://deno.land/std@0.139.0/node/_buffer.mjs": "cf4854f0873fded5bf3efe1e0d6aacb148822604f91e0e3c5a9271b68997f07b",
    "https://deno.land/std@0.139.0/node/buffer.ts": "fbecbf3f237fa49bec96e97ecf56a7b92d48037b3d11219288e68943cc921600",
    "https://deno.land/std@0.139.0/node/internal/buffer.mjs": "6662fe7fe517329453545be34cea27a24f8ccd6d09afd4f609f11ade2b6dfca7",
    "https://deno.land/std@0.139.0/node/internal/crypto/keys.ts": "16ce7b15a9fc5e4e3dee8fde75dae12f3d722558d5a1a6e65a9b4f86d64a21e9",
    "https://deno.land/std@0.139.0/node/internal/crypto/util.mjs": "1de55a47fdbed6721b467a77ba48fdd1550c10b5eee77bbdb602eaffee365a5e",
    "https://deno.land/std@0.139.0/node/internal/error_codes.ts": "ac03c4eae33de3a69d6c98e8678003207eecf75a6900eb847e3fea3c8c9e6d8f",
    "https://deno.land/std@0.139.0/node/internal/hide_stack_frames.ts": "a91962ec84610bc7ec86022c4593cdf688156a5910c07b5bcd71994225c13a03",
    "https://deno.land/std@0.139.0/node/internal/normalize_encoding.mjs": "3779ec8a7adf5d963b0224f9b85d1bc974a2ec2db0e858396b5d3c2c92138a0a",
    "https://deno.land/std@0.139.0/node/internal/util.mjs": "2f0c8ff553c175ea6e4ed13d7cd7cd6b86dc093dc2f783c6c3dfc63f60a0943e",
    "https://deno.land/std@0.139.0/node/internal/util/types.ts": "b2dacb8f1f5d28a51c4da5c5b75172b7fcf694073ce95ca141323657e18b0c60",
    "https://deno.land/std@0.139.0/node/internal/validators.mjs": "a7e82eafb7deb85c332d5f8d9ffef052f46a42d4a121eada4a54232451acc49a",
    "https://deno.land/std@0.139.0/node/internal_binding/_node.ts": "e4075ba8a37aef4eb5b592c8e3807c39cb49ca8653faf8e01a43421938076c1b",
    "https://deno.land/std@0.139.0/node/internal_binding/_utils.ts": "1c50883b5751a9ea1b38951e62ed63bacfdc9d69ea665292edfa28e1b1c5bd94",
    "https://deno.land/std@0.139.0/node/internal_binding/buffer.ts": "781e1d13adc924864e6e37ecb5152e8a4e994cf394695136e451c47f00bda76c",
    "https://deno.land/std@0.139.0/node/internal_binding/string_decoder.ts": "5cb1863763d1e9b458bc21d6f976f16d9c18b3b3f57eaf0ade120aee38fba227",
    "https://deno.land/std@0.139.0/node/internal_binding/types.ts": "4c26fb74ba2e45de553c15014c916df6789529a93171e450d5afb016b4c765e7",
    "https://deno.land/std@0.150.0/media_types/_util.ts": "ce9b4fc4ba1c447dafab619055e20fd88236ca6bdd7834a21f98bd193c3fbfa1",
    "https://deno.land/std@0.150.0/media_types/mod.ts": "2d4b6f32a087029272dc59e0a55ae3cc4d1b27b794ccf528e94b1925795b3118",
    "https://deno.land/std@0.150.0/media_types/vendor/mime-db.v1.52.0.ts": "724cee25fa40f1a52d3937d6b4fbbfdd7791ff55e1b7ac08d9319d5632c7f5af",
    "https://deno.land/std@0.152.0/_util/assert.ts": "e94f2eb37cebd7f199952e242c77654e43333c1ac4c5c700e929ea3aa5489f74",
    "https://deno.land/std@0.152.0/_util/os.ts": "3b4c6e27febd119d36a416d7a97bd3b0251b77c88942c8f16ee5953ea13e2e49",
    "https://deno.land/std@0.152.0/async/deferred.ts": "bc18e28108252c9f67dfca2bbc4587c3cbf3aeb6e155f8c864ca8ecff992b98a",
    "https://deno.land/std@0.152.0/bytes/bytes_list.ts": "aba5e2369e77d426b10af1de0dcc4531acecec27f9b9056f4f7bfbf8ac147ab4",
    "https://deno.land/std@0.152.0/bytes/equals.ts": "3c3558c3ae85526f84510aa2b48ab2ad7bdd899e2e0f5b7a8ffc85acb3a6043a",
    "https://deno.land/std@0.152.0/bytes/mod.ts": "763f97d33051cc3f28af1a688dfe2830841192a9fea0cbaa55f927b49d49d0bf",
    "https://deno.land/std@0.152.0/crypto/timing_safe_equal.ts": "82a29b737bc8932d75d7a20c404136089d5d23629e94ba14efa98a8cc066c73e",
    "https://deno.land/std@0.152.0/encoding/base64.ts": "c57868ca7fa2fbe919f57f88a623ad34e3d970d675bdc1ff3a9d02bba7409db2",
    "https://deno.land/std@0.152.0/fmt/colors.ts": "6f9340b7fb8cc25a993a99e5efc56fe81bb5af284ff412129dd06df06f53c0b4",
    "https://deno.land/std@0.152.0/http/_negotiation/common.ts": "410e902f01cdd324e4746e8017595be4fc357d6fc4cd6044f2f808a943d7eaf7",
    "https://deno.land/std@0.152.0/http/_negotiation/encoding.ts": "f749c1d539d139af783e8a7741de5a47a98a5e3c9af82b8af512567ccf5fe632",
    "https://deno.land/std@0.152.0/http/_negotiation/language.ts": "53c306186904d2dace4c624a8822542866ad332a7f40ac90e0af1504f95c63d0",
    "https://deno.land/std@0.152.0/http/_negotiation/media_type.ts": "ecdda87286495f7ff25116858f5088856953e2f1585e593d314e0c71b826a137",
    "https://deno.land/std@0.152.0/http/http_errors.ts": "fe9b7f95f7ee0592c3306f8c7aed03ba53d55d1ef81e00041c1171b9588f46d9",
    "https://deno.land/std@0.152.0/http/http_status.ts": "897575a7d6bc2b9123f6a38ecbc0f03d95a532c5d92029315dc9f508e12526b8",
    "https://deno.land/std@0.152.0/http/negotiation.ts": "f35b1ff2ad4ff9feaa00ac234960b398172768205c8eceaef7f2eafe34716ba2",
    "https://deno.land/std@0.152.0/io/buffer.ts": "bd0c4bf53db4b4be916ca5963e454bddfd3fcd45039041ea161dbf826817822b",
    "https://deno.land/std@0.152.0/io/readers.ts": "45847ad404afd2f605eae1cff193f223462bc55eeb9ae313c2f3db28aada0fd6",
    "https://deno.land/std@0.152.0/media_types/_util.ts": "ce9b4fc4ba1c447dafab619055e20fd88236ca6bdd7834a21f98bd193c3fbfa1",
    "https://deno.land/std@0.152.0/media_types/mod.ts": "3829264ca0610cac40f3214f939d7733483523f82bc1041c51045d7c75fb93b8",
    "https://deno.land/std@0.152.0/media_types/vendor/mime-db.v1.52.0.ts": "724cee25fa40f1a52d3937d6b4fbbfdd7791ff55e1b7ac08d9319d5632c7f5af",
    "https://deno.land/std@0.152.0/path/_constants.ts": "df1db3ffa6dd6d1252cc9617e5d72165cd2483df90e93833e13580687b6083c3",
    "https://deno.land/std@0.152.0/path/_interface.ts": "ee3b431a336b80cf445441109d089b70d87d5e248f4f90ff906820889ecf8d09",
    "https://deno.land/std@0.152.0/path/_util.ts": "c1e9686d0164e29f7d880b2158971d805b6e0efc3110d0b3e24e4b8af2190d2b",
    "https://deno.land/std@0.152.0/path/common.ts": "bee563630abd2d97f99d83c96c2fa0cca7cee103e8cb4e7699ec4d5db7bd2633",
    "https://deno.land/std@0.152.0/path/glob.ts": "cb5255638de1048973c3e69e420c77dc04f75755524cb3b2e160fe9277d939ee",
    "https://deno.land/std@0.152.0/path/mod.ts": "56fec03ad0ebd61b6ab39ddb9b0ddb4c4a5c9f2f4f632e09dd37ec9ebfd722ac",
    "https://deno.land/std@0.152.0/path/posix.ts": "c1f7afe274290ea0b51da07ee205653b2964bd74909a82deb07b69a6cc383aaa",
    "https://deno.land/std@0.152.0/path/separator.ts": "fe1816cb765a8068afb3e8f13ad272351c85cbc739af56dacfc7d93d710fe0f9",
    "https://deno.land/std@0.152.0/path/win32.ts": "bd7549042e37879c68ff2f8576a25950abbfca1d696d41d82c7bca0b7e6f452c",
    "https://deno.land/std@0.152.0/streams/conversion.ts": "fc3db02026183da795fa32ac7549868e9f19c75ba029d4b4c3739af62b48517a",
    "https://deno.land/std@0.152.0/testing/_diff.ts": "029a00560b0d534bc0046f1bce4bd36b3b41ada3f2a3178c85686eb2ff5f1413",
    "https://deno.land/std@0.152.0/testing/_format.ts": "0d8dc79eab15b67cdc532826213bbe05bccfd276ca473a50a3fc7bbfb7260642",
    "https://deno.land/std@0.152.0/testing/asserts.ts": "093735c88f52bbead7f60a1f7a97a2ce4df3c2d5fab00a46956f20b4a5793ccd",
    "https://deno.land/std@0.218.0/assert/assert.ts": "bec068b2fccdd434c138a555b19a2c2393b71dfaada02b7d568a01541e67cdc5",
    "https://deno.land/std@0.218.0/assert/assertion_error.ts": "9f689a101ee586c4ce92f52fa7ddd362e86434ffdf1f848e45987dc7689976b8",
    "https://deno.land/std@0.218.0/async/delay.ts": "8e1d18fe8b28ff95885e2bc54eccec1713f57f756053576d8228e6ca110793ad",
    "https://deno.land/std@0.218.0/bytes/concat.ts": "9cac3b4376afbef98ff03588eb3cf948e0d1eb6c27cfe81a7651ab6dd3adc54a",
    "https://deno.land/std@0.218.0/bytes/copy.ts": "f29c03168853720dfe82eaa57793d0b9e3543ebfe5306684182f0f1e3bfd422a",
    "https://deno.land/std@0.218.0/io/buf_reader.ts": "c73aad99491ee6db3d6b001fa4a780e9245c67b9296f5bad9c0fa7384e35d47a",
    "https://deno.land/std@0.218.0/io/buf_writer.ts": "f82f640c8b3a820f600a8da429ad0537037c7d6a78426bbca2396fb1f75d3ef4",
    "https://deno.land/std@0.69.0/_util/assert.ts": "e1f76e77c5ccb5a8e0dbbbe6cce3a56d2556c8cb5a9a8802fc9565af72462149",
    "https://deno.land/std@0.69.0/async/deferred.ts": "ac95025f46580cf5197928ba90995d87f26e202c19ad961bc4e3177310894cdc",
    "https://deno.land/std@0.69.0/async/delay.ts": "35957d585a6e3dd87706858fb1d6b551cb278271b03f52c5a2cb70e65e00c26a",
    "https://deno.land/std@0.69.0/async/mod.ts": "39f2602a005805dd1e6b9da4ee5391b14d15e8fec4fa5494a6165c599911d746",
    "https://deno.land/std@0.69.0/async/mux_async_iterator.ts": "1352b10a5cee1821a963eb8f4f05603bd7e25f8886eaf8d1888f4b416ddccdf5",
    "https://deno.land/std@0.69.0/async/pool.ts": "a499691231d8c249f044f69d204b479ad3af7f115e0b37342829eff076bc2450",
    "https://deno.land/std@0.69.0/bytes/mod.ts": "b1a149ac741728db00bda9ce1a2d044f248edd5ac95e708a6cc501bfd3adb4a7",
    "https://deno.land/std@0.69.0/datetime/formatter.ts": "a21986fb09d36164f1b1e867ea9e5bb816a907dabc768a8f0c8c44c1112f65e4",
    "https://deno.land/std@0.69.0/datetime/mod.ts": "140c93dc33a4918230685d7cc4f098da661e4870f006f05a7853c765eff041ff",
    "https://deno.land/std@0.69.0/datetime/tokenizer.ts": "175c06fcf866ada3cbf61b4c387b8f17dd9b22befbf299772dda1a4d53cfc22b",
    "https://deno.land/std@0.69.0/encoding/utf8.ts": "8654fa820aa69a37ec5eb11908e20b39d056c9bf1c23ab294303ff467f3d50a1",
    "https://deno.land/std@0.69.0/http/_io.ts": "a6108623563611e901b1128ca91aca02982af552aa7c4f39f2240cf6e6cd9ac7",
    "https://deno.land/std@0.69.0/http/cookie.ts": "0d141ef4ff05a53602bfd06839f4a674a0dce170dc80619d67736984c8b57830",
    "https://deno.land/std@0.69.0/http/http_status.ts": "0ecc0799a208f49452023b1b927106ba5a2c13cc6cf6666345db028239d554ab",
    "https://deno.land/std@0.69.0/http/mod.ts": "7f2ddc904c7951757228709a2f72c5b3960dee3e81f552f21d382edfdd2a1165",
    "https://deno.land/std@0.69.0/http/server.ts": "9f39d814950c741e0dcf0dfb9a046515f5fb342a62fbc28607c44ac5692e8a7e",
    "https://deno.land/std@0.69.0/io/bufio.ts": "e76c5b7bf978a638aae6f62b87efde3ab7203b85902ce9b84ac8388c8c2bb104",
    "https://deno.land/std@0.69.0/textproto/mod.ts": "ebd84342f62216af1850279d32581c51d0958e36d477c6c26c961987e6240356",
    "https://deno.land/std@0.84.0/async/deferred.ts": "f89ed49ba5e1dd0227c6bd5b23f017be46c3f92e4f0338dda08ff5aa54b9f6c9",
    "https://deno.land/std@0.84.0/async/delay.ts": "9de1d8d07d1927767ab7f82434b883f3d8294fb19cad819691a2ad81a728cf3d",
    "https://deno.land/std@0.84.0/async/mod.ts": "253b41c658d768613eacfb11caa0a9ca7148442f932018a45576f7f27554c853",
    "https://deno.land/std@0.84.0/async/mux_async_iterator.ts": "b9091909db04cdb0af6f7807677372f64c1488de6c4bd86004511b064bf230d6",
    "https://deno.land/std@0.84.0/async/pool.ts": "35db39af9325252a726761953ca4fed8f5483c95630bbb29c7c5ccc18e536c85",
    "https://deno.land/std@0.84.0/encoding/base64.ts": "e81fd4661e7af6711b1a03ed212617e1b1ff2999a11317655359cf9223bc6cce",
    "https://deno.land/std@0.84.0/encoding/hex.ts": "f952e0727bddb3b2fd2e6889d104eacbd62e92091f540ebd6459317a61932d9b",
    "https://deno.land/std@0.84.0/fmt/colors.ts": "d253f2367e5feebcf0f49676533949c09ea07a2d95fb74958f6f5c1c22fbec49",
    "https://deno.land/std@0.84.0/hash/_wasm/hash.ts": "347a48219766ffddfc1fb8f129574995306466f9c6f899620091bca46f9cd1d2",
    "https://deno.land/std@0.84.0/hash/_wasm/wasm.js": "fa27095b91e6268682100997577f1d3478beab5b045777e27ff7b2b5d19c8fdc",
    "https://deno.land/std@0.84.0/hash/mod.ts": "135d43c9d24edcc9e57d0a2983de4570a07e949c512b1f693b1689adf2a5e86a",
    "https://deno.land/std@0.84.0/node/_crypto/constants.ts": "f2426a2569c64b8fab49eddd58cb8a4cef4937cc41358ac0a9ad268435371832",
    "https://deno.land/std@0.84.0/node/_crypto/pbkdf2.ts": "a5f4d281abb77ad97e89ee4e027e89f866773f8286b3a276fca70666997021e4",
    "https://deno.land/std@0.84.0/node/_crypto/randomBytes.ts": "e6c1865cde3d609165068e2c48bf7f06dbb4cecc6aa88b7f20b6cccf82cf00b9",
    "https://deno.land/std@0.84.0/node/_crypto/types.ts": "a30809e13b3365d3d7ccd91cc48206f60bc3b8f25df15671b93c252818aa86d2",
    "https://deno.land/std@0.84.0/node/_utils.ts": "4a17b9e6dacb351d6919bd1d53630c08db5de63948c2495a48173a60167de207",
    "https://deno.land/std@0.84.0/node/buffer.ts": "e98af24a3210d8fc3f022b6eb26d6e5bdf98fb0e02931e5983d20db9fed1b590",
    "https://deno.land/std@0.84.0/node/crypto.ts": "ca6187fc80682075d2631721a8602356f9d3828c92841b06979f97713df662a8",
    "https://deno.land/std@0.84.0/testing/_diff.ts": "961eaf6d9f5b0a8556c9d835bbc6fa74f5addd7d3b02728ba7936ff93364f7a3",
    "https://deno.land/std@0.84.0/testing/asserts.ts": "de942b2e1cb6dac1c1c4a7b698be017337e2e2cc2252ae0a6d215c5befde1e82",
    "https://deno.land/x/axiod@0.26.2/helpers.ts": "467f2ca75608f368c8092e800eab0d6d79b3fa42346372be62a5b93acf50fe7e",
    "https://deno.land/x/axiod@0.26.2/interfaces.ts": "1b5a7b70b1e7faecd2f251ad080bd87188fba585e2de667af472c4d72abf636e",
    "https://deno.land/x/axiod@0.26.2/mod.ts": "1175ec90a040d764b9940753f8d8e3f37a2328a0536eed48e411a8f1a3e9e5cb",
    "https://deno.land/x/axiod@0.26.2/mods/url-join.ts": "c925b2dd0bd490093d084bd4c74a9502260e014d5e760a4951b3e7c8ab3ca43f",
    "https://deno.land/x/cors@v1.2.2/abcCors.ts": "cdf83a7eaa69a1bf3ab910d18b9422217902fac47601adcaf0afac5a61845d48",
    "https://deno.land/x/cors@v1.2.2/attainCors.ts": "7d6aba0f942495cc31119604e0895c9bb8edd8f8baa7fe78e6c655bd0b4cbf59",
    "https://deno.land/x/cors@v1.2.2/cors.ts": "0e2d9167e3685f9bcf48f565e312b6e1883fa458f7337e5ce7bc2e3b29767980",
    "https://deno.land/x/cors@v1.2.2/mithCors.ts": "3a359d6e716e0410ede278ab54d875b293a2d66d838aaa7cfbf9ddc1e9e990d3",
    "https://deno.land/x/cors@v1.2.2/mod.ts": "2b351913f56d77ad80cb3b8633d4539c9eeddb426dae79437ada0e6a9cb4f1a6",
    "https://deno.land/x/cors@v1.2.2/oakCors.ts": "1348dc7673c61b85d2e80559a7b44f8e0246eaa6bcc6ec744fafe5d9b13b5c71",
    "https://deno.land/x/cors@v1.2.2/opineCors.ts": "fb5790115c26b7061d84b8d6c17d258a1e241bcab75b0bc3ca1fdb2e57bc5072",
    "https://deno.land/x/cors@v1.2.2/types.ts": "97546633ccc7f0df7a29bacba5d91dc6f61decdd1b65258300244dba905d34b8",
    "https://deno.land/x/deno_google_protobuf@4.0.0-rc.2/google-protobuf.js": "86faa6ae30cac2a86152731e1f57656934128d23d4b8f0e3c6332a726900bf71",
    "https://deno.land/x/di@v0.1.1/decorators.ts": "8f8b97e421a0b2353d314bd096f82c17c2a2c69300a0a6aa65f5b28dc11644c5",
    "https://deno.land/x/di@v0.1.1/metadata.ts": "e2198425a9ff103627cd216dc2e02d961a4c0973d7e3d92f363522547e0ec4ea",
    "https://deno.land/x/di@v0.1.1/mod.ts": "6f9129e32c99a5d845883f33a1a4ca329417ca1814b3fb4c6b3d9befd35ac6d2",
    "https://deno.land/x/di@v0.1.1/resolution.ts": "1e63e81e7b78e7580443335a4cf7eb60de2c9a99d26585c41294957fef0044d1",
    "https://deno.land/x/di@v0.1.1/service.ts": "01a3fdf4f95f8c61d8e1d6d51cf433525509a6250d36fb53c70ca28cb01cf460",
    "https://deno.land/x/di@v0.1.1/service_collection.ts": "5dcf807f2b70d06cb3e83f77518da8acad351fa7ed2f061d7868b21d21a30d09",
    "https://deno.land/x/di@v0.1.1/service_multi_collection.ts": "242c71e5cd43e6a2a5982d5b509dbfa52500062740314b5d395b1493fe833ecc",
    "https://deno.land/x/dotenv@v3.2.0/load.ts": "cbd76a0aee01aad8d09222afaa1dd04b84d9d3e44637503b01bf77a91df9e041",
    "https://deno.land/x/dotenv@v3.2.0/mod.ts": "077b48773de9205266a0b44c3c3a3c3083449ed64bb0b6cc461b95720678d38e",
    "https://deno.land/x/dotenv@v3.2.0/util.ts": "693730877b13f8ead2b79b2aa31e2a0652862f7dc0c5f6d2f313f4d39c7b7670",
    "https://deno.land/x/http_errors@3.0.0/deps.ts": "7fcd181f9577e1803297e42cdb58ce219d9c7087391b1e9ccc12537e23b9d68c",
    "https://deno.land/x/http_errors@3.0.0/mod.ts": "6549778cb6616cd16884dd1f46b28211fc8ac33f9d7141e92a8eaffb48391bc1",
    "https://deno.land/x/oak@v11.1.0/application.ts": "0a728331822b8e27727ceec48a8499657c3163fc48fd379a8a9578a75f3cdb62",
    "https://deno.land/x/oak@v11.1.0/body.ts": "78402a4936accb80372c4944384658105604352d6783de7ff1e36b8832dd93c9",
    "https://deno.land/x/oak@v11.1.0/buf_reader.ts": "7cf96aa0ac670b75098113cf88a291a68332cc45efa8a9698f064ac5b8098a0f",
    "https://deno.land/x/oak@v11.1.0/content_disposition.ts": "8b8c3cb2fba7138cd5b7f82fc3b5ea39b33db924a824b28261659db7e164621e",
    "https://deno.land/x/oak@v11.1.0/context.ts": "014d1ce40e62a7901411425541b0d5a08018968a330595bd686f8d00222a35bb",
    "https://deno.land/x/oak@v11.1.0/cookies.ts": "d9f94b99f26c6169c6982ce12323c41a548d001bfc28f464264c22dc3dbf2181",
    "https://deno.land/x/oak@v11.1.0/deps.ts": "b897b0f2bec99cd8b402b279b7f21de955d98cbd72835b6c912be5e11c26148b",
    "https://deno.land/x/oak@v11.1.0/etag.ts": "19918f5e1964e3fe6c9fe524a88ffbf9900ce1dfe4146b187b2a86256bb6b663",
    "https://deno.land/x/oak@v11.1.0/headers.ts": "f50fb05614432bda971021633129aa2e8737e0844e0f01c27a937997b4d8dd4f",
    "https://deno.land/x/oak@v11.1.0/helpers.ts": "42212afa07a560b2958359cc19577417e89d9574d6579551a0af36ff7f00cc6e",
    "https://deno.land/x/oak@v11.1.0/http_request.ts": "0831c828816fcb58a5aa8361c6865c4151f4c8b59fabcef2e2cd235bb28170c5",
    "https://deno.land/x/oak@v11.1.0/http_server_flash.ts": "e312754acad26d3d70f243d657547e697921f67f0a2179dbec41a20a3228fd79",
    "https://deno.land/x/oak@v11.1.0/http_server_native.ts": "549dffcd2db5cbb0e44ad50cf9c54956b42a10450b1ac66e1362e32a073c8c1b",
    "https://deno.land/x/oak@v11.1.0/http_server_native_request.ts": "07910ea2ed51af6c4e69addf9015cdd8d2b5c9ee03fd4993e386834a129a9eb6",
    "https://deno.land/x/oak@v11.1.0/isMediaType.ts": "62d638abcf837ece3a8f07a4b7ca59794135cb0d4b73194c7d5837efd4161005",
    "https://deno.land/x/oak@v11.1.0/keyStack.ts": "fa0d5898fb8ba34de1c9cdcf4b2e8434952dc9931671858d33560368784a22ef",
    "https://deno.land/x/oak@v11.1.0/mediaTyper.ts": "042b853fc8e9c3f6c628dd389e03ef481552bf07242efc3f8a1af042102a6105",
    "https://deno.land/x/oak@v11.1.0/middleware.ts": "de14f045a2ddfe845d89b5d3140ff52cbcc6f3b3965391106ce04480f9786737",
    "https://deno.land/x/oak@v11.1.0/middleware/proxy.ts": "b927232f97ec18af4185d7912e45b1191e3ffe24a9c875262ad524211b1274c9",
    "https://deno.land/x/oak@v11.1.0/mod.ts": "de52855c8f626e30ba683fb265c0a0773ba2f5f117b3549b7d9c857edba58338",
    "https://deno.land/x/oak@v11.1.0/multipart.ts": "98fe9f226de8c26a16d067027b69fb1e34ad8c4055767dd157907d06cea36f9a",
    "https://deno.land/x/oak@v11.1.0/range.ts": "68a6df7ab3b868843e33f52deb94c3d4cab25cb9ef369691990c2ac15b04fafb",
    "https://deno.land/x/oak@v11.1.0/request.ts": "5852ad36389b48e0428a6f3c90854d01f10d1b15949b56001e1e75c2a00ef0f9",
    "https://deno.land/x/oak@v11.1.0/response.ts": "867d81f7eb0c65c7b8e0e0e9e145ededd5b6daa9ad922e6adc6a36a525f439a6",
    "https://deno.land/x/oak@v11.1.0/router.ts": "187522a549f6c179ff01d321882a8bfacbfb7f3e24b004ec4534a3613c7f9b0e",
    "https://deno.land/x/oak@v11.1.0/send.ts": "7ef2591792426d62add91536bb434566d4b224247ca343fdd63e486f9d4e9446",
    "https://deno.land/x/oak@v11.1.0/server_sent_event.ts": "948b0fe4cb3fe38c7db15e476eb3b7671ef20e566d130e9f701d7c0146aa47dd",
    "https://deno.land/x/oak@v11.1.0/structured_clone.ts": "ecf42598652b8082f37252cb873d6e257ad728e6fe73c6bd61f343d94501fbde",
    "https://deno.land/x/oak@v11.1.0/testing.ts": "7612656efd2975f7a2e6848609f5971922dbec46b76372c5c623202fdd7b9a85",
    "https://deno.land/x/oak@v11.1.0/util.ts": "3af8c4ed04c6cc2bedbe66e562a77fc59c72df31c55a902a63885861ca1639d6",
    "https://deno.land/x/path_to_regexp@v6.2.1/index.ts": "894060567837bae8fc9c5cbd4d0a05e9024672083d5883b525c031eea940e556",
    "https://deno.land/x/redis@v0.32.3/backoff.ts": "33e4a6e245f8743fbae0ce583993a671a3ac2ecee433a3e7f0bd77b5dd541d84",
    "https://deno.land/x/redis@v0.32.3/connection.ts": "393f1960f7ea2569ef5542c1dd7b54d5549487cf21443778553005f762bad879",
    "https://deno.land/x/redis@v0.32.3/errors.ts": "4c47b278c8a87e0f49c0f7a96c74c5bee09e4d5ea19f892923b0281707112d04",
    "https://deno.land/x/redis@v0.32.3/executor.ts": "5ac4c1f7bec44d12ebc0f3702bf074bd3ba6c1aae74953582f6358d2948718e7",
    "https://deno.land/x/redis@v0.32.3/internal/encoding.ts": "0525f7f444a96b92cd36423abdfe221f8d8de4a018dc5cb6750a428a5fc897c2",
    "https://deno.land/x/redis@v0.32.3/internal/symbols.ts": "e36097bab1da1c9fe84a3bb9cb0ed1ec10c3dc7dd0b557769c5c54e15d110dd2",
    "https://deno.land/x/redis@v0.32.3/mod.ts": "a2a2318e67db704c799a13cc840114b9f344a82cf682c933a293e90b1a02b3fa",
    "https://deno.land/x/redis@v0.32.3/pipeline.ts": "f0ec80f58a88e9b9b157155882c2bb3568890e6b4d67ad99760a6fc2c51b47ba",
    "https://deno.land/x/redis@v0.32.3/protocol/deno_streams/command.ts": "8e1e84f6d94637d8814abfac91de0916e97c6ea7d2ccab9ea9e3c9f2de283602",
    "https://deno.land/x/redis@v0.32.3/protocol/deno_streams/mod.ts": "346d473bd4e834e397ca25bbbf1021f44e577adda8d6391a41bd03b7bc8c72f4",
    "https://deno.land/x/redis@v0.32.3/protocol/deno_streams/reply.ts": "2707e9fe18608c1a9a49b4f0094397c7400141b8208170c7bcb128ceb5ddd790",
    "https://deno.land/x/redis@v0.32.3/protocol/shared/command.ts": "71639adc162dac95fa41d701a7112bcd5d5cf3fd22c1307c8840f983628540be",
    "https://deno.land/x/redis@v0.32.3/protocol/shared/reply.ts": "3311ff66357bacbd60785cb43b97539c341d8a7d963bc5e80cb864ac81909ea5",
    "https://deno.land/x/redis@v0.32.3/protocol/shared/types.ts": "3d1ff5983abc1e4e56c751aaf4672042c87334cd004ce2fc0493575432151e1f",
    "https://deno.land/x/redis@v0.32.3/pubsub.ts": "a36892455b0a4a50af169332a165b0985cc90d84486087f036e507e3137b2afb",
    "https://deno.land/x/redis@v0.32.3/redis.ts": "6ec7be95f64174078279518afff0535d04d7f96d90da36f2e9a9ab9f388cbaa1",
    "https://deno.land/x/redis@v0.32.3/stream.ts": "73b286174d4a02006720c9e2d193754d10e041e8e1450188e32f203a188bbecb",
    "https://deno.land/x/redis@v0.32.3/vendor/https/deno.land/std/async/delay.ts": "947f04fe13f433772d7f2ffdedec7ca61f6246f6fc14ef812ec86c816b6a7442",
    "https://deno.land/x/redis@v0.32.3/vendor/https/deno.land/std/bytes/concat.ts": "1854d7390359fdafdf361a936d066780df08478bbb9cf0a43aecb662cda080f2",
    "https://deno.land/x/redis@v0.32.3/vendor/https/deno.land/std/io/buf_reader.ts": "77a914a2ca9f16a306946599cccfd56f566fbb7d93649216658808457a4232aa",
    "https://deno.land/x/redis@v0.32.3/vendor/https/deno.land/std/io/buf_writer.ts": "906355019613a2b719fda99a59cfcf7c4654694cbbb7ccaa73651a8616c0444a",
    "https://deno.land/x/redis@v0.34.0/backoff.ts": "33e4a6e245f8743fbae0ce583993a671a3ac2ecee433a3e7f0bd77b5dd541d84",
    "https://deno.land/x/redis@v0.34.0/connection.ts": "03c3013dcbcf270ddd2dea7951fcc8abda3ee74cb04a93e1b083e0809fea1c60",
    "https://deno.land/x/redis@v0.34.0/deps/std/async.ts": "ebb7df0212300b00856116e6dbea17e25602e83ae0eff040ef63930e1860e9a9",
    "https://deno.land/x/redis@v0.34.0/deps/std/bytes.ts": "2d1ae18e0cff4a2821244d8a9d927993f35a986634da8232f23be019b2332cb0",
    "https://deno.land/x/redis@v0.34.0/deps/std/io.ts": "b7505c5e738384f5f7a021d7bbd78380490c059cc7c83cd8dada1f86ec16e835",
    "https://deno.land/x/redis@v0.34.0/errors.ts": "8293f56a70ea8388cb80b6e1caa15d350ed1719529fc06573b01a443d0caad69",
    "https://deno.land/x/redis@v0.34.0/executor.ts": "5ac4c1f7bec44d12ebc0f3702bf074bd3ba6c1aae74953582f6358d2948718e7",
    "https://deno.land/x/redis@v0.34.0/internal/encoding.ts": "0525f7f444a96b92cd36423abdfe221f8d8de4a018dc5cb6750a428a5fc897c2",
    "https://deno.land/x/redis@v0.34.0/internal/symbols.ts": "e36097bab1da1c9fe84a3bb9cb0ed1ec10c3dc7dd0b557769c5c54e15d110dd2",
    "https://deno.land/x/redis@v0.34.0/mod.ts": "18d1459d2ce67c0694efa39440de78166e5df0f849d04bd02dcecc3d35ec976f",
    "https://deno.land/x/redis@v0.34.0/pipeline.ts": "f0ec80f58a88e9b9b157155882c2bb3568890e6b4d67ad99760a6fc2c51b47ba",
    "https://deno.land/x/redis@v0.34.0/protocol/deno_streams/command.ts": "c079af4c98c0b9829bebbc88b5589695dde167755e9bfd801258c3ed34eff76a",
    "https://deno.land/x/redis@v0.34.0/protocol/deno_streams/mod.ts": "04b9423d3f4fa4fcf41d1274d024f420e017691f023717c4757504c5ee18d237",
    "https://deno.land/x/redis@v0.34.0/protocol/deno_streams/reply.ts": "a2e092fedee71084e1647328b194c3a18e936a94cf6f272f14c67506d455670a",
    "https://deno.land/x/redis@v0.34.0/protocol/shared/command.ts": "e75f6be115ff73bd865e01be4e2a28077a9993b1e0c54ed96b6825bfe997d382",
    "https://deno.land/x/redis@v0.34.0/protocol/shared/reply.ts": "3311ff66357bacbd60785cb43b97539c341d8a7d963bc5e80cb864ac81909ea5",
    "https://deno.land/x/redis@v0.34.0/protocol/shared/types.ts": "3d1ff5983abc1e4e56c751aaf4672042c87334cd004ce2fc0493575432151e1f",
    "https://deno.land/x/redis@v0.34.0/pubsub.ts": "a36892455b0a4a50af169332a165b0985cc90d84486087f036e507e3137b2afb",
    "https://deno.land/x/redis@v0.34.0/redis.ts": "0006ab49d981c1ab9071b51b9143c58fabbb0df768fe351a99970798023923dd",
    "https://deno.land/x/redis@v0.34.0/stream.ts": "d43076815d046eb8428fcd2799544a9fd07b3480099f5fc67d2ba12fdc73725f",
    "https://deno.land/x/tweetnacl_deno@v1.0.3/src/array.ts": "75e04b24ab9a0e39b8c23e5000790e41d717c8ad4d6092db20afe2f3c4d58a5b",
    "https://deno.land/x/tweetnacl_deno@v1.0.3/src/box.ts": "ab82621eea6f68d0dd97c37348e6e92429087376d045ed369fb0f2a6a2b8fa64",
    "https://deno.land/x/tweetnacl_deno@v1.0.3/src/check.ts": "7602e3d19abfafdf3d0721092f5b839eb74d8b3d6e41aacd8c81a1aaef444665",
    "https://deno.land/x/tweetnacl_deno@v1.0.3/src/core.ts": "00c556bb0611b35b5332527e9ac7f07178bedd4986b61bb27306399d35cd503f",
    "https://deno.land/x/tweetnacl_deno@v1.0.3/src/curve25519.ts": "5f7702b16c1c06d4b52854465e8eaefe8c87cfe86057a7e9b0b7e6402ff0657c",
    "https://deno.land/x/tweetnacl_deno@v1.0.3/src/poly1305.ts": "691d1b6da74ee1bf5df7e69b5a087e5b6ab215d204bbeaa82bf4af8a55d9ca39",
    "https://deno.land/x/tweetnacl_deno@v1.0.3/src/random.ts": "f6aa7a639a71764032f250ac058c88a54f8cef398c0e70fa8a6b8a25ce6be5db",
    "https://deno.land/x/tweetnacl_deno@v1.0.3/src/salsa20.ts": "1feb6b2fb26c0f8ab94c88415b05b030b918a12a927b1ba2140ca46aa7509305",
    "https://deno.land/x/tweetnacl_deno@v1.0.3/src/scalarmult.ts": "86b9e785089f337dbf289114d95bc9330fde34d225d0dab3506a519ddc2a610a",
    "https://deno.land/x/tweetnacl_deno@v1.0.3/src/secretbox.ts": "ad40e840738afa39c3666deb9575331ff78150939f2bf6c566f6981bcd49c81d",
    "https://deno.land/x/tweetnacl_deno@v1.0.3/src/server/random.ts": "873e7361af4589fa76ddfcd5fcdae72a7e42772dfe54107361214096728615cf",
    "https://deno.land/x/tweetnacl_deno@v1.0.3/src/verify.ts": "c1ad45907e6cd08a09bb2eebc0487fddb08c984a2ab396060184bc91b36ef2ec",
    "https://deno.land/x/url_join@1.0.0/mod.ts": "d3c7007e3ab15594e54d5b90dce623b3e274a726e0cdf57858e7ecab77a0166c",
    "https://deno.land/x/xhr@0.3.0/mod.ts": "094aacd627fd9635cd942053bf8032b5223b909858fa9dc8ffa583752ff63b20",
    "https://esm.sh/@supabase/supabase-js@2.45.6": "18117bed5fcb3ab4ca9c24b3fa93a34ecfa9c068db2c4285af782a8c02eb61b1",
    "https://esm.sh/@supabase/supabase-js@2.7.0": "60bd51448149d7ad30a50c0514b738a9917d7711598f3548bb2010d4e1213521",
    "https://esm.sh/v107/@supabase/realtime-js@2.6.0/denonext/dist/module.js": "bc8b944cd8e56e3c8d8563fec1b6c4c84cac3ca7a661e17ca51b656494faf21c",
    "https://esm.sh/v107/@supabase/realtime-js@2.6.0/dist/module/index.js": "ba6050c9579c4a5242f7e45458a44b6ffefa45c7ddaf2c6ce4b994a20b8ae2e9",
    "https://esm.sh/v107/es5-ext@0.10.62/denonext/global.js": "2f51d9acef1f761faaa542da919b3c747744ea29fe709d0a904fd531716a93d6",
    "https://esm.sh/v107/websocket@1.0.34/denonext/websocket.mjs": "d843fc40de9c0f50243e1b88be878c736d0587342a5a1b81e5702b5f52a205bd",
    "https://esm.sh/v135/@supabase/auth-js@2.65.1/denonext/auth-js.mjs": "b7135e85481aa3ba832baf45405198e1409629b41d1de593ed2abe1ccd37b1a6",
    "https://esm.sh/v135/@supabase/functions-js@2.1.5/denonext/functions-js.mjs": "739affd2df20c1affd91991c3731c2537d270b82be5cdbd926c43be40eb2fdc5",
    "https://esm.sh/v135/@supabase/functions-js@2.3.1/denonext/functions-js.mjs": "c10a0bbd935fc12cae58918b8e23cb339d54c443983caeb597dd8cd76a76f940",
    "https://esm.sh/v135/@supabase/functions-js@2.4.3/denonext/functions-js.mjs": "98b9108627bcbb255f1e1d2f8fdc321ca2596a476b76cb8f9109862f1b50ca8c",
    "https://esm.sh/v135/@supabase/gotrue-js@2.57.0/denonext/gotrue-js.mjs": "a4e6768643628fc5445683f4f58090ea5b65c51c3abb165dc0a385cf8eae2121",
    "https://esm.sh/v135/@supabase/gotrue-js@2.62.2/denonext/gotrue-js.mjs": "326e26884bb2e359f192078b8c602a2e0acdc754767a274fe1df844319a8d319",
    "https://esm.sh/v135/@supabase/node-fetch@2.6.14/denonext/node-fetch.mjs": "23a71af3512da67a8757ab1e2356fa22565758444ea1fc08e0de0e8d4625e8aa",
    "https://esm.sh/v135/@supabase/node-fetch@2.6.15/denonext/node-fetch.mjs": "efad00ea3d4cbe1bee688836ef75339d49a1981bc5728a13e9ad5f26791d5efb",
    "https://esm.sh/v135/@supabase/postgrest-js@1.15.2/denonext/postgrest-js.mjs": "1d36cf3106c6dd6ce21473b57d88478802ceef6d22e67af1f92c508607302e50",
    "https://esm.sh/v135/@supabase/postgrest-js@1.16.3/denonext/postgrest-js.mjs": "1f0cc477f069386bce1b8c5d6a2357ffd1442299f6423381b2aa2c4652f4af10",
    "https://esm.sh/v135/@supabase/postgrest-js@1.9.0/denonext/postgrest-js.mjs": "e6239e65dca3c73527af617ee406934dc509a33e4082a9da9c3aa6c430519cdf",
    "https://esm.sh/v135/@supabase/realtime-js@2.10.7/denonext/realtime-js.mjs": "83480b9b485872eebdbd5cfaf36b87fc943021ccb15f72b55e3548c9c72d9a0e",
    "https://esm.sh/v135/@supabase/realtime-js@2.8.4/denonext/realtime-js.mjs": "9f8af6f82b095b1b1d336a92c4ff8519a5b7f783a1e09eab005114b983cafd5d",
    "https://esm.sh/v135/@supabase/realtime-js@2.9.4/denonext/realtime-js.mjs": "5a4443e535c1ef8c469c281442a976f47735b3ee378c9e6d8b9a379c56b2f852",
    "https://esm.sh/v135/@supabase/storage-js@2.5.4/denonext/storage-js.mjs": "dff68679fb795ec7e157b8f51cb0b8c544d6c3d57ecc093f5b15eb909439efcd",
    "https://esm.sh/v135/@supabase/storage-js@2.5.5/denonext/storage-js.mjs": "66e29e4e55c7d396503e2d1d9376cfbc34f046b962bce4524c2d80b209fff413",
    "https://esm.sh/v135/@supabase/storage-js@2.7.1/denonext/storage-js.mjs": "5ddd96a2213608015badb0778b4a446f641c843e017264978ab1e10f83b3cb21",
    "https://esm.sh/v135/@supabase/supabase-js@2.45.6/denonext/supabase-js.mjs": "c5af6bd5a29763a5a9db3b4a22085911218a221acc62d9f6d23d2b77a53e6bcc",
    "https://esm.sh/v135/@supabase/supabase-js@2.7.0/denonext/supabase-js.mjs": "331a7d9dcc23c852d63b26bf95c07da70a33d518e86a6f61c8b87295dbfd58d0",
    "https://esm.sh/v135/bufferutil@4.0.8/denonext/bufferutil.mjs": "60a4618cbd1a5cb24935c55590b793d4ecb33862357d32e1d4614a0bbb90947f",
    "https://esm.sh/v135/cross-fetch@3.1.8/denonext/cross-fetch.mjs": "8fba9e7c3fbaf0d2168beb63ce0cd21b5bfbfbd77e2fcbf8d957d533a71222f6",
    "https://esm.sh/v135/es5-ext@0.10.62/denonext/global.js": "2f51d9acef1f761faaa542da919b3c747744ea29fe709d0a904fd531716a93d6",
    "https://esm.sh/v135/node-gyp-build@4.6.1/denonext/node-gyp-build.mjs": "5d28b312f145a6cb2ec0dbdd80a7d34c0e0e6b5dcada65411d8bcff6c8991cc6",
    "https://esm.sh/v135/node-gyp-build@4.8.1/denonext/node-gyp-build.mjs": "cddfc39c5f2d6e228fb1cd8cc36a594d870470b01348f866a7fb4e6f3ed8c66d",
    "https://esm.sh/v135/utf-8-validate@6.0.3/denonext/utf-8-validate.mjs": "410c48d66840e987e474a4849cd25829817415cedd25466280effb1287d05aa5",
    "https://esm.sh/v135/utf-8-validate@6.0.4/denonext/utf-8-validate.mjs": "ab4990b545a45f10f7711c69046ee3e9c5b732b9781937f922cefd3fc99d0e88",
    "https://esm.sh/v135/websocket@1.0.34/denonext/websocket.mjs": "dfe5d62007e9f7430d561e2376fe47caa9d04cb016d83d3386fcc2206a90296b",
    "https://esm.sh/v135/ws@8.16.0/denonext/ws.mjs": "0fa0c00b69577ba36d0a36001329b2cec91498cb2e33e329fc76aa6d51a0d54d",
    "https://esm.sh/v135/ws@8.18.0/denonext/ws.mjs": "b4c6f51c7c4d60d2a880889c9b07e00aa367adf20a8304a365cc5e09051a5004",
    "https://fuoco-appdev-core-api-22p1mxbq9mrk.deno.dev/libs/core/src/index.ts": "21b7eeab9b51b095bfe63e85ce53e0355e06d1eea731393228e7e9b6d4eae90f",
    "https://fuoco-appdev-core-api-22p1mxbq9mrk.deno.dev/libs/core/src/lib/core.ts": "2fc1398a01698686d88d00b1f67ff17871cf0f81dc3709606a70af4d1a1a0313",
    "https://fuoco-appdev-core-api-22p1mxbq9mrk.deno.dev/libs/core/src/lib/decorators/content-type.decorator.ts": "a6f7d2d5b69c61dc16752cff90b15dca872c1d3403ad64063579399a0d8ab154",
    "https://fuoco-appdev-core-api-22p1mxbq9mrk.deno.dev/libs/core/src/lib/decorators/controller.decorator.ts": "53cc09e1865a419ef615a314dc8abc2a1bcb3fd8740b526f2e8c98a5340d00b5",
    "https://fuoco-appdev-core-api-22p1mxbq9mrk.deno.dev/libs/core/src/lib/decorators/delete.decorator.ts": "9d6a749a4663c6c62c4f84e834f49f7f001af40870bad9efe35868351a572bdf",
    "https://fuoco-appdev-core-api-22p1mxbq9mrk.deno.dev/libs/core/src/lib/decorators/get.decorator.ts": "bdcf9fececb72b517730d81abb249fe709f4031e699b1f504ff3915de15b28c5",
    "https://fuoco-appdev-core-api-22p1mxbq9mrk.deno.dev/libs/core/src/lib/decorators/guard.decorator.ts": "2b6b3c2e53c66d8eea470e1e9dc2e6206143f910c32dc57e1214cf7999659013",
    "https://fuoco-appdev-core-api-22p1mxbq9mrk.deno.dev/libs/core/src/lib/decorators/head.decorator.ts": "401e177fe2f0357e8b1c2e58578122a178ce302fa5bb7d9071c1dc69ab9e13b4",
    "https://fuoco-appdev-core-api-22p1mxbq9mrk.deno.dev/libs/core/src/lib/decorators/index.ts": "c7a3e09e7e34f6a5ec42b9f93fe3cd3004313e3898b38cdbc39ba45e81ddc5bd",
    "https://fuoco-appdev-core-api-22p1mxbq9mrk.deno.dev/libs/core/src/lib/decorators/options.decorator.ts": "ea6c22cb9116132f451fde95fe49d8604c999107d3bc336e96d94a1015b4fba8",
    "https://fuoco-appdev-core-api-22p1mxbq9mrk.deno.dev/libs/core/src/lib/decorators/patch.decorator.ts": "21f10562c8276121367ac8fcf6569f52470d4a3931de1878dabb66f9798ac88d",
    "https://fuoco-appdev-core-api-22p1mxbq9mrk.deno.dev/libs/core/src/lib/decorators/post.decorator.ts": "93bfc933b74b0e1a4536921ebc28f9d45e72114b70718c6de44d7e13228ddde9",
    "https://fuoco-appdev-core-api-22p1mxbq9mrk.deno.dev/libs/core/src/lib/decorators/put.decorator.ts": "6c6622cb3d798d720cd3f915bc7a115e907c578677c20a243cfc4d0c636fd023",
    "https://fuoco-appdev-core-api-22p1mxbq9mrk.deno.dev/libs/core/src/lib/endpoint-context.ts": "ba2b6fd7ee3b84522b7c0747085577860e82c58581084c0da1abe92b8434f11a",
    "https://fuoco-appdev-core-api-22p1mxbq9mrk.deno.dev/libs/core/src/lib/executer.ts": "81279ce018d4bd3e10734fb81b8bd34f7b75c3c841aba7820abdc60fca8ef2d8",
    "https://fuoco-appdev-core-api-22p1mxbq9mrk.deno.dev/libs/core/src/lib/executers/content-type.executer.ts": "8f742ef9dc7cb62c20a33b326ce17f0e994cc8fd4faa2d182cc9341b9f1e8aea",
    "https://fuoco-appdev-core-api-22p1mxbq9mrk.deno.dev/libs/core/src/lib/executers/guard.executer.ts": "ebb8db825f0b465c4c1091ceb16746a9fa0979d93f8714b77a156aabdd84e994",
    "https://fuoco-appdev-core-api-22p1mxbq9mrk.deno.dev/libs/core/src/lib/executers/index.ts": "de68bc6f0c0ccafa5f9351688ae20edafaa08142539c7c51565816b28583d0bb"
  }
}
