{
  "version": "3",
  "redirects": {
    "https://deno.land/x/crypto/aes.ts": "https://deno.land/x/crypto@v0.10.1/aes.ts",
    "https://deno.land/x/crypto/block-modes.ts": "https://deno.land/x/crypto@v0.10.1/block-modes.ts",
    "https://deno.land/x/deno_google_protobuf/google-protobuf.js": "https://deno.land/x/deno_google_protobuf@4.0.0-rc.2/google-protobuf.js",
    "https://deno.land/x/redis/mod.ts": "https://deno.land/x/redis@v0.32.3/mod.ts"
  },
  "remote": {
    "https://deno.land/std@0.105.0/_util/assert.ts": "2f868145a042a11d5ad0a3c748dcf580add8a0dbc0e876eaa0026303a5488f58",
    "https://deno.land/std@0.105.0/bytes/mod.ts": "440684e07e8f57a19a43b34d57eb63af0b36fc92b6657b6dcdbf9d5612d62e29",
    "https://deno.land/std@0.105.0/fmt/colors.ts": "d2f8355f00a74404668fc5a1e4a92983ce1a9b0a6ac1d40efbd681cb8f519586",
    "https://deno.land/std@0.105.0/io/buffer.ts": "3ead6bb11276ebcf093c403f74f67fd2205a515dbbb9061862c468ca56f37cd8",
    "https://deno.land/std@0.105.0/io/types.d.ts": "89a27569399d380246ca7cdd9e14d5e68459f11fb6110790cc5ecbd4ee7f3215",
    "https://deno.land/std@0.105.0/io/util.ts": "85c33d61b20fd706acc094fe80d4c8ae618b04abcf3a96ca2b47071842c1c8ac",
    "https://deno.land/std@0.105.0/testing/_diff.ts": "5d3693155f561d1a5443ac751ac70aab9f5d67b4819a621d4b96b8a1a1c89620",
    "https://deno.land/std@0.105.0/testing/asserts.ts": "e4311d45d956459d4423bc267208fe154b5294989da2ed93257b6a85cae0427e",
    "https://deno.land/std@0.152.0/_util/assert.ts": "e94f2eb37cebd7f199952e242c77654e43333c1ac4c5c700e929ea3aa5489f74",
    "https://deno.land/std@0.152.0/_util/os.ts": "3b4c6e27febd119d36a416d7a97bd3b0251b77c88942c8f16ee5953ea13e2e49",
    "https://deno.land/std@0.152.0/async/deferred.ts": "bc18e28108252c9f67dfca2bbc4587c3cbf3aeb6e155f8c864ca8ecff992b98a",
    "https://deno.land/std@0.152.0/bytes/bytes_list.ts": "aba5e2369e77d426b10af1de0dcc4531acecec27f9b9056f4f7bfbf8ac147ab4",
    "https://deno.land/std@0.152.0/bytes/equals.ts": "3c3558c3ae85526f84510aa2b48ab2ad7bdd899e2e0f5b7a8ffc85acb3a6043a",
    "https://deno.land/std@0.152.0/bytes/mod.ts": "763f97d33051cc3f28af1a688dfe2830841192a9fea0cbaa55f927b49d49d0bf",
    "https://deno.land/std@0.152.0/crypto/timing_safe_equal.ts": "82a29b737bc8932d75d7a20c404136089d5d23629e94ba14efa98a8cc066c73e",
    "https://deno.land/std@0.152.0/encoding/base64.ts": "c57868ca7fa2fbe919f57f88a623ad34e3d970d675bdc1ff3a9d02bba7409db2",
    "https://deno.land/std@0.152.0/fmt/colors.ts": "6f9340b7fb8cc25a993a99e5efc56fe81bb5af284ff412129dd06df06f53c0b4",
    "https://deno.land/std@0.152.0/http/_negotiation/common.ts": "410e902f01cdd324e4746e8017595be4fc357d6fc4cd6044f2f808a943d7eaf7",
    "https://deno.land/std@0.152.0/http/_negotiation/encoding.ts": "f749c1d539d139af783e8a7741de5a47a98a5e3c9af82b8af512567ccf5fe632",
    "https://deno.land/std@0.152.0/http/_negotiation/language.ts": "53c306186904d2dace4c624a8822542866ad332a7f40ac90e0af1504f95c63d0",
    "https://deno.land/std@0.152.0/http/_negotiation/media_type.ts": "ecdda87286495f7ff25116858f5088856953e2f1585e593d314e0c71b826a137",
    "https://deno.land/std@0.152.0/http/http_errors.ts": "fe9b7f95f7ee0592c3306f8c7aed03ba53d55d1ef81e00041c1171b9588f46d9",
    "https://deno.land/std@0.152.0/http/http_status.ts": "897575a7d6bc2b9123f6a38ecbc0f03d95a532c5d92029315dc9f508e12526b8",
    "https://deno.land/std@0.152.0/http/negotiation.ts": "f35b1ff2ad4ff9feaa00ac234960b398172768205c8eceaef7f2eafe34716ba2",
    "https://deno.land/std@0.152.0/io/buffer.ts": "bd0c4bf53db4b4be916ca5963e454bddfd3fcd45039041ea161dbf826817822b",
    "https://deno.land/std@0.152.0/io/readers.ts": "45847ad404afd2f605eae1cff193f223462bc55eeb9ae313c2f3db28aada0fd6",
    "https://deno.land/std@0.152.0/io/types.d.ts": "0cae3a62da7a37043661746c65c021058bae020b54e50c0e774916e5d4baee43",
    "https://deno.land/std@0.152.0/media_types/_util.ts": "ce9b4fc4ba1c447dafab619055e20fd88236ca6bdd7834a21f98bd193c3fbfa1",
    "https://deno.land/std@0.152.0/media_types/mod.ts": "3829264ca0610cac40f3214f939d7733483523f82bc1041c51045d7c75fb93b8",
    "https://deno.land/std@0.152.0/media_types/vendor/mime-db.v1.52.0.ts": "724cee25fa40f1a52d3937d6b4fbbfdd7791ff55e1b7ac08d9319d5632c7f5af",
    "https://deno.land/std@0.152.0/path/_constants.ts": "df1db3ffa6dd6d1252cc9617e5d72165cd2483df90e93833e13580687b6083c3",
    "https://deno.land/std@0.152.0/path/_interface.ts": "ee3b431a336b80cf445441109d089b70d87d5e248f4f90ff906820889ecf8d09",
    "https://deno.land/std@0.152.0/path/_util.ts": "c1e9686d0164e29f7d880b2158971d805b6e0efc3110d0b3e24e4b8af2190d2b",
    "https://deno.land/std@0.152.0/path/common.ts": "bee563630abd2d97f99d83c96c2fa0cca7cee103e8cb4e7699ec4d5db7bd2633",
    "https://deno.land/std@0.152.0/path/glob.ts": "cb5255638de1048973c3e69e420c77dc04f75755524cb3b2e160fe9277d939ee",
    "https://deno.land/std@0.152.0/path/mod.ts": "56fec03ad0ebd61b6ab39ddb9b0ddb4c4a5c9f2f4f632e09dd37ec9ebfd722ac",
    "https://deno.land/std@0.152.0/path/posix.ts": "c1f7afe274290ea0b51da07ee205653b2964bd74909a82deb07b69a6cc383aaa",
    "https://deno.land/std@0.152.0/path/separator.ts": "fe1816cb765a8068afb3e8f13ad272351c85cbc739af56dacfc7d93d710fe0f9",
    "https://deno.land/std@0.152.0/path/win32.ts": "bd7549042e37879c68ff2f8576a25950abbfca1d696d41d82c7bca0b7e6f452c",
    "https://deno.land/std@0.152.0/streams/conversion.ts": "fc3db02026183da795fa32ac7549868e9f19c75ba029d4b4c3739af62b48517a",
    "https://deno.land/std@0.152.0/testing/_diff.ts": "029a00560b0d534bc0046f1bce4bd36b3b41ada3f2a3178c85686eb2ff5f1413",
    "https://deno.land/std@0.152.0/testing/_format.ts": "0d8dc79eab15b67cdc532826213bbe05bccfd276ca473a50a3fc7bbfb7260642",
    "https://deno.land/std@0.152.0/testing/asserts.ts": "093735c88f52bbead7f60a1f7a97a2ce4df3c2d5fab00a46956f20b4a5793ccd",
    "https://deno.land/std@0.218.0/assert/assert.ts": "bec068b2fccdd434c138a555b19a2c2393b71dfaada02b7d568a01541e67cdc5",
    "https://deno.land/std@0.218.0/assert/assertion_error.ts": "9f689a101ee586c4ce92f52fa7ddd362e86434ffdf1f848e45987dc7689976b8",
    "https://deno.land/std@0.218.0/async/delay.ts": "8e1d18fe8b28ff95885e2bc54eccec1713f57f756053576d8228e6ca110793ad",
    "https://deno.land/std@0.218.0/bytes/concat.ts": "9cac3b4376afbef98ff03588eb3cf948e0d1eb6c27cfe81a7651ab6dd3adc54a",
    "https://deno.land/std@0.218.0/bytes/copy.ts": "f29c03168853720dfe82eaa57793d0b9e3543ebfe5306684182f0f1e3bfd422a",
    "https://deno.land/std@0.218.0/io/buf_reader.ts": "c73aad99491ee6db3d6b001fa4a780e9245c67b9296f5bad9c0fa7384e35d47a",
    "https://deno.land/std@0.218.0/io/buf_writer.ts": "f82f640c8b3a820f600a8da429ad0537037c7d6a78426bbca2396fb1f75d3ef4",
    "https://deno.land/std@0.69.0/_util/assert.ts": "e1f76e77c5ccb5a8e0dbbbe6cce3a56d2556c8cb5a9a8802fc9565af72462149",
    "https://deno.land/std@0.69.0/async/deferred.ts": "ac95025f46580cf5197928ba90995d87f26e202c19ad961bc4e3177310894cdc",
    "https://deno.land/std@0.69.0/async/delay.ts": "35957d585a6e3dd87706858fb1d6b551cb278271b03f52c5a2cb70e65e00c26a",
    "https://deno.land/std@0.69.0/async/mod.ts": "39f2602a005805dd1e6b9da4ee5391b14d15e8fec4fa5494a6165c599911d746",
    "https://deno.land/std@0.69.0/async/mux_async_iterator.ts": "1352b10a5cee1821a963eb8f4f05603bd7e25f8886eaf8d1888f4b416ddccdf5",
    "https://deno.land/std@0.69.0/async/pool.ts": "a499691231d8c249f044f69d204b479ad3af7f115e0b37342829eff076bc2450",
    "https://deno.land/std@0.69.0/bytes/mod.ts": "b1a149ac741728db00bda9ce1a2d044f248edd5ac95e708a6cc501bfd3adb4a7",
    "https://deno.land/std@0.69.0/datetime/formatter.ts": "a21986fb09d36164f1b1e867ea9e5bb816a907dabc768a8f0c8c44c1112f65e4",
    "https://deno.land/std@0.69.0/datetime/mod.ts": "140c93dc33a4918230685d7cc4f098da661e4870f006f05a7853c765eff041ff",
    "https://deno.land/std@0.69.0/datetime/tokenizer.ts": "175c06fcf866ada3cbf61b4c387b8f17dd9b22befbf299772dda1a4d53cfc22b",
    "https://deno.land/std@0.69.0/encoding/utf8.ts": "8654fa820aa69a37ec5eb11908e20b39d056c9bf1c23ab294303ff467f3d50a1",
    "https://deno.land/std@0.69.0/http/_io.ts": "a6108623563611e901b1128ca91aca02982af552aa7c4f39f2240cf6e6cd9ac7",
    "https://deno.land/std@0.69.0/http/cookie.ts": "0d141ef4ff05a53602bfd06839f4a674a0dce170dc80619d67736984c8b57830",
    "https://deno.land/std@0.69.0/http/http_status.ts": "0ecc0799a208f49452023b1b927106ba5a2c13cc6cf6666345db028239d554ab",
    "https://deno.land/std@0.69.0/http/mod.ts": "7f2ddc904c7951757228709a2f72c5b3960dee3e81f552f21d382edfdd2a1165",
    "https://deno.land/std@0.69.0/http/server.ts": "9f39d814950c741e0dcf0dfb9a046515f5fb342a62fbc28607c44ac5692e8a7e",
    "https://deno.land/std@0.69.0/io/bufio.ts": "e76c5b7bf978a638aae6f62b87efde3ab7203b85902ce9b84ac8388c8c2bb104",
    "https://deno.land/std@0.69.0/textproto/mod.ts": "ebd84342f62216af1850279d32581c51d0958e36d477c6c26c961987e6240356",
    "https://deno.land/x/axiod@0.26.2/helpers.ts": "467f2ca75608f368c8092e800eab0d6d79b3fa42346372be62a5b93acf50fe7e",
    "https://deno.land/x/axiod@0.26.2/interfaces.ts": "1b5a7b70b1e7faecd2f251ad080bd87188fba585e2de667af472c4d72abf636e",
    "https://deno.land/x/axiod@0.26.2/mod.ts": "1175ec90a040d764b9940753f8d8e3f37a2328a0536eed48e411a8f1a3e9e5cb",
    "https://deno.land/x/axiod@0.26.2/mods/url-join.ts": "c925b2dd0bd490093d084bd4c74a9502260e014d5e760a4951b3e7c8ab3ca43f",
    "https://deno.land/x/cors@v1.2.2/abcCors.ts": "cdf83a7eaa69a1bf3ab910d18b9422217902fac47601adcaf0afac5a61845d48",
    "https://deno.land/x/cors@v1.2.2/attainCors.ts": "7d6aba0f942495cc31119604e0895c9bb8edd8f8baa7fe78e6c655bd0b4cbf59",
    "https://deno.land/x/cors@v1.2.2/cors.ts": "0e2d9167e3685f9bcf48f565e312b6e1883fa458f7337e5ce7bc2e3b29767980",
    "https://deno.land/x/cors@v1.2.2/mithCors.ts": "3a359d6e716e0410ede278ab54d875b293a2d66d838aaa7cfbf9ddc1e9e990d3",
    "https://deno.land/x/cors@v1.2.2/mod.ts": "2b351913f56d77ad80cb3b8633d4539c9eeddb426dae79437ada0e6a9cb4f1a6",
    "https://deno.land/x/cors@v1.2.2/oakCors.ts": "1348dc7673c61b85d2e80559a7b44f8e0246eaa6bcc6ec744fafe5d9b13b5c71",
    "https://deno.land/x/cors@v1.2.2/opineCors.ts": "fb5790115c26b7061d84b8d6c17d258a1e241bcab75b0bc3ca1fdb2e57bc5072",
    "https://deno.land/x/cors@v1.2.2/types.ts": "97546633ccc7f0df7a29bacba5d91dc6f61decdd1b65258300244dba905d34b8",
    "https://deno.land/x/crypto@v0.10.1/aes.ts": "0f4e5af07514a07d56ec01b2186c0153f13d6e00c26fc4e70692996af6280e48",
    "https://deno.land/x/crypto@v0.10.1/block-modes.ts": "a7ef359649a2cf235451e80aed7a5fda612d92ca2b158bf2a724b32899f8e455",
    "https://deno.land/x/crypto@v0.10.1/src/aes/consts.ts": "582aeed7afda2fe3deac4a60c4a9f29c60a7fb66f56645f95fa0ddab49bde994",
    "https://deno.land/x/crypto@v0.10.1/src/aes/mod.ts": "883d1e48d033dc4491f3a336c07235c5c4cb0371972476b8cdeea5e94ad2efbe",
    "https://deno.land/x/crypto@v0.10.1/src/block-modes/base.ts": "9006474c676782602ede9ea16aa49e8d084fd5670f6050641715a3d3085e1ba5",
    "https://deno.land/x/crypto@v0.10.1/src/block-modes/cbc.ts": "ce1ae944dd1912febd1d69c26c3a4ba18caeac9544ac3c62abd8b2429842de19",
    "https://deno.land/x/crypto@v0.10.1/src/block-modes/cfb.ts": "a1de2d9b81c0333be6c8d005019db1f4b2956264f8f0f93e7e51e8059ad16147",
    "https://deno.land/x/crypto@v0.10.1/src/block-modes/ctr.ts": "06fd8e338dbda0a6a7fa49718a0fd247830759820e61646a6cf611ad69a9d464",
    "https://deno.land/x/crypto@v0.10.1/src/block-modes/ecb.ts": "c346d692f16f8efbcc041c25dd761ca223ef92e03bb05457908953bf261ba325",
    "https://deno.land/x/crypto@v0.10.1/src/block-modes/mod.ts": "bb7e3ddafa15b1ca024b4b5013b23d134410d01e90ce3d5be5489eb9d5f601c5",
    "https://deno.land/x/crypto@v0.10.1/src/block-modes/ofb.ts": "0f77075505853b4ba1a55b4edecb17323f8a1489456a3d3b74717565cccbf2ef",
    "https://deno.land/x/crypto@v0.10.1/src/utils/bytes.ts": "7ccf6cb2d747d9b9de04c9a2494999957c1e86fd4e14bc228aad25283323f5a0",
    "https://deno.land/x/crypto@v0.10.1/src/utils/padding.ts": "544c51a471a413b15940bf08b285bc6a5db27796ff3cf240564f42701aba01dc",
    "https://deno.land/x/deno_google_protobuf@4.0.0-rc.2/google-protobuf.js": "86faa6ae30cac2a86152731e1f57656934128d23d4b8f0e3c6332a726900bf71",
    "https://deno.land/x/dotenv@v3.2.0/load.ts": "cbd76a0aee01aad8d09222afaa1dd04b84d9d3e44637503b01bf77a91df9e041",
    "https://deno.land/x/dotenv@v3.2.0/mod.ts": "077b48773de9205266a0b44c3c3a3c3083449ed64bb0b6cc461b95720678d38e",
    "https://deno.land/x/dotenv@v3.2.0/util.ts": "693730877b13f8ead2b79b2aa31e2a0652862f7dc0c5f6d2f313f4d39c7b7670",
    "https://deno.land/x/http_errors@3.0.0/deps.ts": "7fcd181f9577e1803297e42cdb58ce219d9c7087391b1e9ccc12537e23b9d68c",
    "https://deno.land/x/http_errors@3.0.0/mod.ts": "6549778cb6616cd16884dd1f46b28211fc8ac33f9d7141e92a8eaffb48391bc1",
    "https://deno.land/x/oak@v11.1.0/application.ts": "0a728331822b8e27727ceec48a8499657c3163fc48fd379a8a9578a75f3cdb62",
    "https://deno.land/x/oak@v11.1.0/body.ts": "78402a4936accb80372c4944384658105604352d6783de7ff1e36b8832dd93c9",
    "https://deno.land/x/oak@v11.1.0/buf_reader.ts": "7cf96aa0ac670b75098113cf88a291a68332cc45efa8a9698f064ac5b8098a0f",
    "https://deno.land/x/oak@v11.1.0/content_disposition.ts": "8b8c3cb2fba7138cd5b7f82fc3b5ea39b33db924a824b28261659db7e164621e",
    "https://deno.land/x/oak@v11.1.0/context.ts": "014d1ce40e62a7901411425541b0d5a08018968a330595bd686f8d00222a35bb",
    "https://deno.land/x/oak@v11.1.0/cookies.ts": "d9f94b99f26c6169c6982ce12323c41a548d001bfc28f464264c22dc3dbf2181",
    "https://deno.land/x/oak@v11.1.0/deps.ts": "b897b0f2bec99cd8b402b279b7f21de955d98cbd72835b6c912be5e11c26148b",
    "https://deno.land/x/oak@v11.1.0/etag.ts": "19918f5e1964e3fe6c9fe524a88ffbf9900ce1dfe4146b187b2a86256bb6b663",
    "https://deno.land/x/oak@v11.1.0/headers.ts": "f50fb05614432bda971021633129aa2e8737e0844e0f01c27a937997b4d8dd4f",
    "https://deno.land/x/oak@v11.1.0/helpers.ts": "42212afa07a560b2958359cc19577417e89d9574d6579551a0af36ff7f00cc6e",
    "https://deno.land/x/oak@v11.1.0/http_request.ts": "0831c828816fcb58a5aa8361c6865c4151f4c8b59fabcef2e2cd235bb28170c5",
    "https://deno.land/x/oak@v11.1.0/http_server_flash.ts": "e312754acad26d3d70f243d657547e697921f67f0a2179dbec41a20a3228fd79",
    "https://deno.land/x/oak@v11.1.0/http_server_native.ts": "549dffcd2db5cbb0e44ad50cf9c54956b42a10450b1ac66e1362e32a073c8c1b",
    "https://deno.land/x/oak@v11.1.0/http_server_native_request.ts": "07910ea2ed51af6c4e69addf9015cdd8d2b5c9ee03fd4993e386834a129a9eb6",
    "https://deno.land/x/oak@v11.1.0/isMediaType.ts": "62d638abcf837ece3a8f07a4b7ca59794135cb0d4b73194c7d5837efd4161005",
    "https://deno.land/x/oak@v11.1.0/keyStack.ts": "fa0d5898fb8ba34de1c9cdcf4b2e8434952dc9931671858d33560368784a22ef",
    "https://deno.land/x/oak@v11.1.0/mediaTyper.ts": "042b853fc8e9c3f6c628dd389e03ef481552bf07242efc3f8a1af042102a6105",
    "https://deno.land/x/oak@v11.1.0/middleware.ts": "de14f045a2ddfe845d89b5d3140ff52cbcc6f3b3965391106ce04480f9786737",
    "https://deno.land/x/oak@v11.1.0/middleware/proxy.ts": "b927232f97ec18af4185d7912e45b1191e3ffe24a9c875262ad524211b1274c9",
    "https://deno.land/x/oak@v11.1.0/mod.ts": "de52855c8f626e30ba683fb265c0a0773ba2f5f117b3549b7d9c857edba58338",
    "https://deno.land/x/oak@v11.1.0/multipart.ts": "98fe9f226de8c26a16d067027b69fb1e34ad8c4055767dd157907d06cea36f9a",
    "https://deno.land/x/oak@v11.1.0/range.ts": "68a6df7ab3b868843e33f52deb94c3d4cab25cb9ef369691990c2ac15b04fafb",
    "https://deno.land/x/oak@v11.1.0/request.ts": "5852ad36389b48e0428a6f3c90854d01f10d1b15949b56001e1e75c2a00ef0f9",
    "https://deno.land/x/oak@v11.1.0/response.ts": "867d81f7eb0c65c7b8e0e0e9e145ededd5b6daa9ad922e6adc6a36a525f439a6",
    "https://deno.land/x/oak@v11.1.0/router.ts": "187522a549f6c179ff01d321882a8bfacbfb7f3e24b004ec4534a3613c7f9b0e",
    "https://deno.land/x/oak@v11.1.0/send.ts": "7ef2591792426d62add91536bb434566d4b224247ca343fdd63e486f9d4e9446",
    "https://deno.land/x/oak@v11.1.0/server_sent_event.ts": "948b0fe4cb3fe38c7db15e476eb3b7671ef20e566d130e9f701d7c0146aa47dd",
    "https://deno.land/x/oak@v11.1.0/structured_clone.ts": "ecf42598652b8082f37252cb873d6e257ad728e6fe73c6bd61f343d94501fbde",
    "https://deno.land/x/oak@v11.1.0/testing.ts": "7612656efd2975f7a2e6848609f5971922dbec46b76372c5c623202fdd7b9a85",
    "https://deno.land/x/oak@v11.1.0/types.d.ts": "41951a18c3bfdb11e40707cab75da078ba8a4907cd7d4e11d8536bc2db0dde05",
    "https://deno.land/x/oak@v11.1.0/util.ts": "3af8c4ed04c6cc2bedbe66e562a77fc59c72df31c55a902a63885861ca1639d6",
    "https://deno.land/x/path_to_regexp@v6.2.1/index.ts": "894060567837bae8fc9c5cbd4d0a05e9024672083d5883b525c031eea940e556",
    "https://deno.land/x/redis@v0.32.3/backoff.ts": "33e4a6e245f8743fbae0ce583993a671a3ac2ecee433a3e7f0bd77b5dd541d84",
    "https://deno.land/x/redis@v0.32.3/connection.ts": "393f1960f7ea2569ef5542c1dd7b54d5549487cf21443778553005f762bad879",
    "https://deno.land/x/redis@v0.32.3/errors.ts": "4c47b278c8a87e0f49c0f7a96c74c5bee09e4d5ea19f892923b0281707112d04",
    "https://deno.land/x/redis@v0.32.3/executor.ts": "5ac4c1f7bec44d12ebc0f3702bf074bd3ba6c1aae74953582f6358d2948718e7",
    "https://deno.land/x/redis@v0.32.3/internal/encoding.ts": "0525f7f444a96b92cd36423abdfe221f8d8de4a018dc5cb6750a428a5fc897c2",
    "https://deno.land/x/redis@v0.32.3/internal/symbols.ts": "e36097bab1da1c9fe84a3bb9cb0ed1ec10c3dc7dd0b557769c5c54e15d110dd2",
    "https://deno.land/x/redis@v0.32.3/mod.ts": "a2a2318e67db704c799a13cc840114b9f344a82cf682c933a293e90b1a02b3fa",
    "https://deno.land/x/redis@v0.32.3/pipeline.ts": "f0ec80f58a88e9b9b157155882c2bb3568890e6b4d67ad99760a6fc2c51b47ba",
    "https://deno.land/x/redis@v0.32.3/protocol/deno_streams/command.ts": "8e1e84f6d94637d8814abfac91de0916e97c6ea7d2ccab9ea9e3c9f2de283602",
    "https://deno.land/x/redis@v0.32.3/protocol/deno_streams/mod.ts": "346d473bd4e834e397ca25bbbf1021f44e577adda8d6391a41bd03b7bc8c72f4",
    "https://deno.land/x/redis@v0.32.3/protocol/deno_streams/reply.ts": "2707e9fe18608c1a9a49b4f0094397c7400141b8208170c7bcb128ceb5ddd790",
    "https://deno.land/x/redis@v0.32.3/protocol/shared/command.ts": "71639adc162dac95fa41d701a7112bcd5d5cf3fd22c1307c8840f983628540be",
    "https://deno.land/x/redis@v0.32.3/protocol/shared/reply.ts": "3311ff66357bacbd60785cb43b97539c341d8a7d963bc5e80cb864ac81909ea5",
    "https://deno.land/x/redis@v0.32.3/protocol/shared/types.ts": "3d1ff5983abc1e4e56c751aaf4672042c87334cd004ce2fc0493575432151e1f",
    "https://deno.land/x/redis@v0.32.3/pubsub.ts": "a36892455b0a4a50af169332a165b0985cc90d84486087f036e507e3137b2afb",
    "https://deno.land/x/redis@v0.32.3/redis.ts": "6ec7be95f64174078279518afff0535d04d7f96d90da36f2e9a9ab9f388cbaa1",
    "https://deno.land/x/redis@v0.32.3/stream.ts": "73b286174d4a02006720c9e2d193754d10e041e8e1450188e32f203a188bbecb",
    "https://deno.land/x/redis@v0.32.3/vendor/https/deno.land/std/async/delay.ts": "947f04fe13f433772d7f2ffdedec7ca61f6246f6fc14ef812ec86c816b6a7442",
    "https://deno.land/x/redis@v0.32.3/vendor/https/deno.land/std/bytes/concat.ts": "1854d7390359fdafdf361a936d066780df08478bbb9cf0a43aecb662cda080f2",
    "https://deno.land/x/redis@v0.32.3/vendor/https/deno.land/std/io/buf_reader.ts": "77a914a2ca9f16a306946599cccfd56f566fbb7d93649216658808457a4232aa",
    "https://deno.land/x/redis@v0.32.3/vendor/https/deno.land/std/io/buf_writer.ts": "906355019613a2b719fda99a59cfcf7c4654694cbbb7ccaa73651a8616c0444a",
    "https://deno.land/x/url_join@1.0.0/mod.ts": "d3c7007e3ab15594e54d5b90dce623b3e274a726e0cdf57858e7ecab77a0166c",
    "https://esm.sh/@supabase/supabase-js@2.7.0": "bfd2cd43d18e2f06e8fed7820d30879c5b8120f43d194ed160bdae3390dd9822",
    "https://esm.sh/v107/@supabase/functions-js@2.0.0/deno/functions-js.js": "9ed31785093b9912b058d368d99a32c3a0c1d42bcc3fe1a82f48f79fdbabd682",
    "https://esm.sh/v107/@supabase/functions-js@2.0.0/dist/module/FunctionsClient.d.ts": "ef3d2f4fb207809a3b0eec96066238a25489388c6b38e066be70dfd6c41c65df",
    "https://esm.sh/v107/@supabase/functions-js@2.0.0/dist/module/index.d.ts": "77215ae20a49e5cd6c18054f53e479ffcd70dcea12e7bf6a6a0df86ff9a486f7",
    "https://esm.sh/v107/@supabase/functions-js@2.0.0/dist/module/types.d.ts": "264972165defc2488da3121ddbcb4d7f5438042e10d995d250d87f4a3ff5b2a9",
    "https://esm.sh/v107/@supabase/gotrue-js@2.12.1/deno/gotrue-js.js": "42e23aceddcca9d55526632a5fd04c135089f0c31189398027a0d99b50fafc81",
    "https://esm.sh/v107/@supabase/gotrue-js@2.12.1/dist/module/GoTrueAdminApi.d.ts": "e26cd0616dfb78c1bd5a585ce693477968fa2d19b223b3f868e37c1b7927d16d",
    "https://esm.sh/v107/@supabase/gotrue-js@2.12.1/dist/module/GoTrueClient.d.ts": "f14a0f908246a495ad45bb6d42d7f7bf4b3d270f07db7bba29f019266b26daf8",
    "https://esm.sh/v107/@supabase/gotrue-js@2.12.1/dist/module/index.d.ts": "8cdbab5746a3ce56786025593191032aeb560f933279507c260d2bb65e83b636",
    "https://esm.sh/v107/@supabase/gotrue-js@2.12.1/dist/module/lib/errors.d.ts": "aba89c1be014c919b2ed0cd2379d71d9271f85fc8ecc850b23514710184e2b0d",
    "https://esm.sh/v107/@supabase/gotrue-js@2.12.1/dist/module/lib/fetch.d.ts": "0124365bdd93bdaefc37112cad6eafefdb01ae36c657770a64df7dbf5f305342",
    "https://esm.sh/v107/@supabase/gotrue-js@2.12.1/dist/module/lib/helpers.d.ts": "f0c24e68ebcf699a270047fb9ad94f769af0783f090519a045c651df14fd4f88",
    "https://esm.sh/v107/@supabase/gotrue-js@2.12.1/dist/module/lib/types.d.ts": "0566ec092adb022426eb3abc4260b430e558986405c09ed9f3bfebfd67947661",
    "https://esm.sh/v107/@supabase/postgrest-js@1.4.1/deno/postgrest-js.js": "d5473450dc188fca5062eb07de1d5cd231dfc755abcab058ac9eb67540dcda0a",
    "https://esm.sh/v107/@supabase/postgrest-js@1.4.1/dist/module/PostgrestBuilder.d.ts": "8aba1b4384974573cdd01f0fc7d688ef517d76f3f298151692b0b37249f0d1a3",
    "https://esm.sh/v107/@supabase/postgrest-js@1.4.1/dist/module/PostgrestClient.d.ts": "70bddc51d63d92a5f6817be70f4e0d232c6758b425792adb6a9912844aa18747",
    "https://esm.sh/v107/@supabase/postgrest-js@1.4.1/dist/module/PostgrestFilterBuilder.d.ts": "a5c93476d23858a561734a206dd583c1b0fe319f3e9856f69e79134608439e62",
    "https://esm.sh/v107/@supabase/postgrest-js@1.4.1/dist/module/PostgrestQueryBuilder.d.ts": "39afb003a4687be50e4089b839c4f317bf0b6a2c234929a1a51bce99276831e3",
    "https://esm.sh/v107/@supabase/postgrest-js@1.4.1/dist/module/PostgrestTransformBuilder.d.ts": "eda6937c25925489d93fb1f28b58346358d95aec887fefd5bebe4a74cf8e3948",
    "https://esm.sh/v107/@supabase/postgrest-js@1.4.1/dist/module/index.d.ts": "fffbd398e6b4db2b1320e819d395493f3169219cfec082e09787ae2bb02baaa3",
    "https://esm.sh/v107/@supabase/postgrest-js@1.4.1/dist/module/select-query-parser.d.ts": "60afa60217641702095795445e04149a360d7e22f662581253c7a7c86a5fb335",
    "https://esm.sh/v107/@supabase/postgrest-js@1.4.1/dist/module/types.d.ts": "b62bb9fdf20676f829bcf01b2348c9766b5d14a0451a964496e96ac49fcc2758",
    "https://esm.sh/v107/@supabase/realtime-js@2.6.0/deno/realtime-js.js": "7330a20751f75cc9471a8780bcd67a767c1d34d9ec4bc67c9068f1697a375419",
    "https://esm.sh/v107/@supabase/realtime-js@2.6.0/denonext/dist/module.js": "bc8b944cd8e56e3c8d8563fec1b6c4c84cac3ca7a661e17ca51b656494faf21c",
    "https://esm.sh/v107/@supabase/realtime-js@2.6.0/dist/module/RealtimeChannel.d.ts": "ba0120c8ec3f95e237862f3cd47a6a27e26f3b5663b9c5a71531baee105050b3",
    "https://esm.sh/v107/@supabase/realtime-js@2.6.0/dist/module/RealtimeClient.d.ts": "f3df0873f1151c1b9a729306e7542f79b50fdcc558798731795562e53ea6d608",
    "https://esm.sh/v107/@supabase/realtime-js@2.6.0/dist/module/RealtimePresence.d.ts": "bf927cfa5f3e22418958965a22bbebfc5797dc5cf712523fa87014901250ed10",
    "https://esm.sh/v107/@supabase/realtime-js@2.6.0/dist/module/index.d.ts": "eeff0dbcd61707a889eb2370cf3617ef42ddc2f71d7d4d18e1e43542893c066d",
    "https://esm.sh/v107/@supabase/realtime-js@2.6.0/dist/module/index.js": "ba6050c9579c4a5242f7e45458a44b6ffefa45c7ddaf2c6ce4b994a20b8ae2e9",
    "https://esm.sh/v107/@supabase/realtime-js@2.6.0/dist/module/lib/constants.d.ts": "b8392f2eb7cf41c3479c142875adbbe4b48bfafdced532165abc1cc68aa20cb5",
    "https://esm.sh/v107/@supabase/realtime-js@2.6.0/dist/module/lib/push.d.ts": "65459f6c4c166a7264b5a7a761414c9bf4e0d2dbf0803e1e53e2ecefdbaa1e1d",
    "https://esm.sh/v107/@supabase/realtime-js@2.6.0/dist/module/lib/serializer.d.ts": "4990f875f6e9a1898655fdba7b822222f8b930bfb7c9253b4f047aa4b05d4ca1",
    "https://esm.sh/v107/@supabase/realtime-js@2.6.0/dist/module/lib/timer.d.ts": "ddf170afd193dc372316ed1f4a087f0e9732a5b8bd9cb9e5c3ac74f1cc676e31",
    "https://esm.sh/v107/@supabase/storage-js@2.3.0/deno/storage-js.js": "96cd2b5c4c7ccf1c13c78acacdf6a272869125a48564b5c99103ba5e65752fcc",
    "https://esm.sh/v107/@supabase/storage-js@2.3.0/dist/module/StorageClient.d.ts": "716bdde7f3ea8f49606ac540ceb4b410facb9526668711ffb5676f7935f3408d",
    "https://esm.sh/v107/@supabase/storage-js@2.3.0/dist/module/index.d.ts": "07800a0eea5587ec26d8932a4f5f10871b9e017292ab05b74b27154fb5f98860",
    "https://esm.sh/v107/@supabase/storage-js@2.3.0/dist/module/lib/errors.d.ts": "753c82a97a0e1b05fec3989af93e4fbf2f4a3da3957584613768593ef5cc8bfc",
    "https://esm.sh/v107/@supabase/storage-js@2.3.0/dist/module/lib/fetch.d.ts": "18b68d37f6564cc754ade6371fc7e655a775e91b10abf0f45d0c037b93436761",
    "https://esm.sh/v107/@supabase/storage-js@2.3.0/dist/module/lib/types.d.ts": "4cc02672a0b2d54325185cb1afb1a403f5cec265267ba6f37fd82b3201811142",
    "https://esm.sh/v107/@supabase/storage-js@2.3.0/dist/module/packages/StorageBucketApi.d.ts": "fcdbe1b00e3430099530a00a3cfb446e5065a715e0eaae55ae3fcc681de38e29",
    "https://esm.sh/v107/@supabase/storage-js@2.3.0/dist/module/packages/StorageFileApi.d.ts": "80e5adff0583a6d9f9500225ef3890fbcf2baf0503c6f652b1b71a452fc6c047",
    "https://esm.sh/v107/@supabase/supabase-js@2.7.0/deno/supabase-js.js": "3d66497ba1096daf17689341cf23a8780d27d57ff3ee58eea4e79c0b693751a8",
    "https://esm.sh/v107/@supabase/supabase-js@2.7.0/dist/module/SupabaseClient.d.ts": "623f93aab81b3bacb967ecf7bdfca6c32e6b1161d81cec3fed34f60d6b9bde63",
    "https://esm.sh/v107/@supabase/supabase-js@2.7.0/dist/module/index.d.ts": "7682efbba7b137c123eeee84a653f7c23f6552b156c9acb71286f485ae9e0a6b",
    "https://esm.sh/v107/@supabase/supabase-js@2.7.0/dist/module/lib/SupabaseAuthClient.d.ts": "319b2bde8d28e043a250264ac635d285a9d3a8a28ef6b70235a8ea1e38acaaa7",
    "https://esm.sh/v107/@supabase/supabase-js@2.7.0/dist/module/lib/types.d.ts": "d77f65b6414df6eb1ae8139599d183f16e6d81b8b8e6c2b36f0fda14a1d4f5d2",
    "https://esm.sh/v107/@types/phoenix@1.5.5/index.d.ts": "300750545fd185531167690e3e8c9d3a801ccf74b8ec06320fc894f900471735",
    "https://esm.sh/v107/cross-fetch@3.1.5/deno/cross-fetch.js": "98b8614cfe483226971d7d27cfb096fa10695d21614e128e14c6f329860da6e5",
    "https://esm.sh/v107/es5-ext@0.10.62/deno/global.js": "5fe45a955818afd1e0e8ad67eeb50f62a4b543588aefd727a1f9b732121a33fa",
    "https://esm.sh/v107/es5-ext@0.10.62/denonext/global.js": "2f51d9acef1f761faaa542da919b3c747744ea29fe709d0a904fd531716a93d6",
    "https://esm.sh/v107/node.ns.d.ts": "0fb081f0cd2150931bd54baa04f31466abd9ca701fd9060d07931402cf8367ba",
    "https://esm.sh/v107/websocket@1.0.34/deno/websocket.js": "0b470d77e301d3db7daf66160774b30d2357325021b61410e906980f0aaefd6e",
    "https://esm.sh/v107/websocket@1.0.34/denonext/websocket.mjs": "d843fc40de9c0f50243e1b88be878c736d0587342a5a1b81e5702b5f52a205bd",
    "https://fuoco-appdev-core-api-p2php61zwd5g.deno.dev/core/src/index.ts": "21b7eeab9b51b095bfe63e85ce53e0355e06d1eea731393228e7e9b6d4eae90f",
    "https://fuoco-appdev-core-api-p2php61zwd5g.deno.dev/core/src/lib/core.ts": "2fc1398a01698686d88d00b1f67ff17871cf0f81dc3709606a70af4d1a1a0313",
    "https://fuoco-appdev-core-api-p2php61zwd5g.deno.dev/core/src/lib/decorators/content-type.decorator.ts": "b5fe75eb2eb1439bc0fd841c5037f3753a9b5b3976e2fe2f65d2dd18721fea22",
    "https://fuoco-appdev-core-api-p2php61zwd5g.deno.dev/core/src/lib/decorators/controller.decorator.ts": "53cc09e1865a419ef615a314dc8abc2a1bcb3fd8740b526f2e8c98a5340d00b5",
    "https://fuoco-appdev-core-api-p2php61zwd5g.deno.dev/core/src/lib/decorators/delete.decorator.ts": "f5a19f36151c93311e775722bb1a89c322213816a4723e1ca4d6f7523434c3a6",
    "https://fuoco-appdev-core-api-p2php61zwd5g.deno.dev/core/src/lib/decorators/get.decorator.ts": "84dfbb1eaa18dadf806a7ad76754fdf5a4b4a19baf64056f0183aaa6e4c47c06",
    "https://fuoco-appdev-core-api-p2php61zwd5g.deno.dev/core/src/lib/decorators/guard.decorator.ts": "9f958ee00723e18d27b8bb60b2a0541c69ccdc22cc2e1f9e197a24e6c91923b8",
    "https://fuoco-appdev-core-api-p2php61zwd5g.deno.dev/core/src/lib/decorators/head.decorator.ts": "bf0cc3364804cad51600d9ffb66b2bf4dcbe7e630cf030dbbacb64f2fe2b0b15",
    "https://fuoco-appdev-core-api-p2php61zwd5g.deno.dev/core/src/lib/decorators/index.ts": "c7a3e09e7e34f6a5ec42b9f93fe3cd3004313e3898b38cdbc39ba45e81ddc5bd",
    "https://fuoco-appdev-core-api-p2php61zwd5g.deno.dev/core/src/lib/decorators/options.decorator.ts": "3a53d135fa6da7601fecf04470b3db3b12199a066085ed2ae8ead23ebc876b38",
    "https://fuoco-appdev-core-api-p2php61zwd5g.deno.dev/core/src/lib/decorators/patch.decorator.ts": "242718ecaf8012d6b549bf91ef6456c37e4d8068c905a805d9aba5202f18911d",
    "https://fuoco-appdev-core-api-p2php61zwd5g.deno.dev/core/src/lib/decorators/post.decorator.ts": "44ae35befc01826ed6f1c048cfb0edfad0999dafc24f4058199cf664662455c7",
    "https://fuoco-appdev-core-api-p2php61zwd5g.deno.dev/core/src/lib/decorators/put.decorator.ts": "b5f687acd9f6e122ca2edf49e4076bdb1de31c8200f27b25cb489c9a345150e6",
    "https://fuoco-appdev-core-api-p2php61zwd5g.deno.dev/core/src/lib/endpoint-context.ts": "ba2b6fd7ee3b84522b7c0747085577860e82c58581084c0da1abe92b8434f11a",
    "https://fuoco-appdev-core-api-p2php61zwd5g.deno.dev/core/src/lib/executer.ts": "81279ce018d4bd3e10734fb81b8bd34f7b75c3c841aba7820abdc60fca8ef2d8",
    "https://fuoco-appdev-core-api-p2php61zwd5g.deno.dev/core/src/lib/executers/content-type.executer.ts": "8f742ef9dc7cb62c20a33b326ce17f0e994cc8fd4faa2d182cc9341b9f1e8aea",
    "https://fuoco-appdev-core-api-p2php61zwd5g.deno.dev/core/src/lib/executers/guard.executer.ts": "ebb8db825f0b465c4c1091ceb16746a9fa0979d93f8714b77a156aabdd84e994",
    "https://fuoco-appdev-core-api-p2php61zwd5g.deno.dev/core/src/lib/executers/index.ts": "de68bc6f0c0ccafa5f9351688ae20edafaa08142539c7c51565816b28583d0bb"
  }
}
